// !$*UTF8*$!
{
	archiveVersion = 1;
	classes = {
	};
	objectVersion = 56;
	objects = {

/* Begin PBXBuildFile section */
		3330F90D2B9F9B0400FB5951 /* ConfigureUIForTrackerCreationProtocol.swift in Sources */ = {isa = PBXBuildFile; fileRef = 3330F90C2B9F9B0400FB5951 /* ConfigureUIForTrackerCreationProtocol.swift */; };
		3330F90F2B9F9B2B00FB5951 /* TrackerCreationDelegate.swift in Sources */ = {isa = PBXBuildFile; fileRef = 3330F90E2B9F9B2B00FB5951 /* TrackerCreationDelegate.swift */; };
		3330F9112B9F9F3A00FB5951 /* TrackerInfoCell.swift in Sources */ = {isa = PBXBuildFile; fileRef = 3330F9102B9F9F3A00FB5951 /* TrackerInfoCell.swift */; };
		3330F9132B9FA0BB00FB5951 /* TrackerCounterDelegate.swift in Sources */ = {isa = PBXBuildFile; fileRef = 3330F9122B9FA0BB00FB5951 /* TrackerCounterDelegate.swift */; };
		3332BF0A2B7AB46D003CDF85 /* AppDelegate.swift in Sources */ = {isa = PBXBuildFile; fileRef = 3332BF092B7AB46D003CDF85 /* AppDelegate.swift */; };
		3332BF0C2B7AB46D003CDF85 /* SceneDelegate.swift in Sources */ = {isa = PBXBuildFile; fileRef = 3332BF0B2B7AB46D003CDF85 /* SceneDelegate.swift */; };
		3332BF0E2B7AB46D003CDF85 /* TrackerViewController.swift in Sources */ = {isa = PBXBuildFile; fileRef = 3332BF0D2B7AB46D003CDF85 /* TrackerViewController.swift */; };
		3332BF132B7AB470003CDF85 /* Assets.xcassets in Resources */ = {isa = PBXBuildFile; fileRef = 3332BF122B7AB470003CDF85 /* Assets.xcassets */; };
		3332BF162B7AB470003CDF85 /* LaunchScreen.storyboard in Resources */ = {isa = PBXBuildFile; fileRef = 3332BF142B7AB470003CDF85 /* LaunchScreen.storyboard */; };
		3332BF1E2B7B9C55003CDF85 /* TabBarController.swift in Sources */ = {isa = PBXBuildFile; fileRef = 3332BF1D2B7B9C55003CDF85 /* TabBarController.swift */; };
		3332BF202B7B9DDD003CDF85 /* StatisticsViewController.swift in Sources */ = {isa = PBXBuildFile; fileRef = 3332BF1F2B7B9DDD003CDF85 /* StatisticsViewController.swift */; };
		33ABD7F32B9209BE0006DCAF /* TrackerCollectionViewCell.swift in Sources */ = {isa = PBXBuildFile; fileRef = 33ABD7F22B9209BE0006DCAF /* TrackerCollectionViewCell.swift */; };
		33AC2D672B99D60900A7C70B /* ScheduleViewController.swift in Sources */ = {isa = PBXBuildFile; fileRef = 33AC2D662B99D60900A7C70B /* ScheduleViewController.swift */; };
		33BCA4122B82091D008E2461 /* Tracker.swift in Sources */ = {isa = PBXBuildFile; fileRef = 33BCA4112B82091D008E2461 /* Tracker.swift */; };
		33BCA4142B820BAF008E2461 /* TrackerCategory.swift in Sources */ = {isa = PBXBuildFile; fileRef = 33BCA4132B820BAF008E2461 /* TrackerCategory.swift */; };
		33BCA4162B820C3E008E2461 /* TrackerRecord.swift in Sources */ = {isa = PBXBuildFile; fileRef = 33BCA4152B820C3E008E2461 /* TrackerRecord.swift */; };
		33C1B9A82B99F4F400F90BBB /* ScheduleTableCell.swift in Sources */ = {isa = PBXBuildFile; fileRef = 33C1B9A72B99F4F400F90BBB /* ScheduleTableCell.swift */; };
		33C1B9AA2B9C8C0400F90BBB /* ScheduleProtocol.swift in Sources */ = {isa = PBXBuildFile; fileRef = 33C1B9A92B9C8C0400F90BBB /* ScheduleProtocol.swift */; };
		33C1B9AC2B9D009400F90BBB /* NewEventCreationViewController.swift in Sources */ = {isa = PBXBuildFile; fileRef = 33C1B9AB2B9D009400F90BBB /* NewEventCreationViewController.swift */; };
		33C1B9AE2B9D00EC00F90BBB /* CreationTrackerViewController.swift in Sources */ = {isa = PBXBuildFile; fileRef = 33C1B9AD2B9D00EC00F90BBB /* CreationTrackerViewController.swift */; };
		33C1B9B02B9DB7E800F90BBB /* EmojiCell.swift in Sources */ = {isa = PBXBuildFile; fileRef = 33C1B9AF2B9DB7E800F90BBB /* EmojiCell.swift */; };
		33C1B9B22B9DF51900F90BBB /* ColorCell.swift in Sources */ = {isa = PBXBuildFile; fileRef = 33C1B9B12B9DF51900F90BBB /* ColorCell.swift */; };
		33C1B9B52B9DFC9D00F90BBB /* UIColor+Extensions.swift in Sources */ = {isa = PBXBuildFile; fileRef = 33C1B9B42B9DFC9D00F90BBB /* UIColor+Extensions.swift */; };
		33C1B9B72B9E112F00F90BBB /* WeekDays.swift in Sources */ = {isa = PBXBuildFile; fileRef = 33C1B9B62B9E112F00F90BBB /* WeekDays.swift */; };
		33C1B9B92B9E2E2700F90BBB /* UITextField+Extensions.swift in Sources */ = {isa = PBXBuildFile; fileRef = 33C1B9B82B9E2E2700F90BBB /* UITextField+Extensions.swift */; };
		33CFC1212B938D230013906C /* HeaderCollectionReusableView.swift in Sources */ = {isa = PBXBuildFile; fileRef = 33CFC1202B938D230013906C /* HeaderCollectionReusableView.swift */; };
		33CFC1232B93BEB90013906C /* NewTrackerViewController.swift in Sources */ = {isa = PBXBuildFile; fileRef = 33CFC1222B93BEB90013906C /* NewTrackerViewController.swift */; };
		33CFC1262B93D0CD0013906C /* NewHabitCreationViewController.swift in Sources */ = {isa = PBXBuildFile; fileRef = 33CFC1252B93D0CD0013906C /* NewHabitCreationViewController.swift */; };
		33CFC1282B9483EF0013906C /* NameTrackerCell.swift in Sources */ = {isa = PBXBuildFile; fileRef = 33CFC1272B9483EF0013906C /* NameTrackerCell.swift */; };
		33CFC12A2B94CC250013906C /* ButtonTableViewCell.swift in Sources */ = {isa = PBXBuildFile; fileRef = 33CFC1292B94CC250013906C /* ButtonTableViewCell.swift */; };
		33CFC12C2B966BF80013906C /* PlaceHolderView.swift in Sources */ = {isa = PBXBuildFile; fileRef = 33CFC12B2B966BF80013906C /* PlaceHolderView.swift */; };
		33CFC1342B9768430013906C /* ButtonsCell.swift in Sources */ = {isa = PBXBuildFile; fileRef = 33CFC1332B9768430013906C /* ButtonsCell.swift */; };
/* End PBXBuildFile section */

/* Begin PBXFileReference section */
		3330F90C2B9F9B0400FB5951 /* ConfigureUIForTrackerCreationProtocol.swift */ = {isa = PBXFileReference; lastKnownFileType = sourcecode.swift; path = ConfigureUIForTrackerCreationProtocol.swift; sourceTree = "<group>"; };
		3330F90E2B9F9B2B00FB5951 /* TrackerCreationDelegate.swift */ = {isa = PBXFileReference; lastKnownFileType = sourcecode.swift; path = TrackerCreationDelegate.swift; sourceTree = "<group>"; };
		3330F9102B9F9F3A00FB5951 /* TrackerInfoCell.swift */ = {isa = PBXFileReference; lastKnownFileType = sourcecode.swift; path = TrackerInfoCell.swift; sourceTree = "<group>"; };
		3330F9122B9FA0BB00FB5951 /* TrackerCounterDelegate.swift */ = {isa = PBXFileReference; lastKnownFileType = sourcecode.swift; path = TrackerCounterDelegate.swift; sourceTree = "<group>"; };
		3332BF062B7AB46D003CDF85 /* Tracker.app */ = {isa = PBXFileReference; explicitFileType = wrapper.application; includeInIndex = 0; path = Tracker.app; sourceTree = BUILT_PRODUCTS_DIR; };
		3332BF092B7AB46D003CDF85 /* AppDelegate.swift */ = {isa = PBXFileReference; lastKnownFileType = sourcecode.swift; path = AppDelegate.swift; sourceTree = "<group>"; };
		3332BF0B2B7AB46D003CDF85 /* SceneDelegate.swift */ = {isa = PBXFileReference; lastKnownFileType = sourcecode.swift; path = SceneDelegate.swift; sourceTree = "<group>"; };
		3332BF0D2B7AB46D003CDF85 /* TrackerViewController.swift */ = {isa = PBXFileReference; lastKnownFileType = sourcecode.swift; path = TrackerViewController.swift; sourceTree = "<group>"; };
		3332BF122B7AB470003CDF85 /* Assets.xcassets */ = {isa = PBXFileReference; lastKnownFileType = folder.assetcatalog; path = Assets.xcassets; sourceTree = "<group>"; };
		3332BF152B7AB470003CDF85 /* Base */ = {isa = PBXFileReference; lastKnownFileType = file.storyboard; name = Base; path = Base.lproj/LaunchScreen.storyboard; sourceTree = "<group>"; };
		3332BF172B7AB470003CDF85 /* Info.plist */ = {isa = PBXFileReference; lastKnownFileType = text.plist.xml; path = Info.plist; sourceTree = "<group>"; };
		3332BF1D2B7B9C55003CDF85 /* TabBarController.swift */ = {isa = PBXFileReference; lastKnownFileType = sourcecode.swift; path = TabBarController.swift; sourceTree = "<group>"; };
		3332BF1F2B7B9DDD003CDF85 /* StatisticsViewController.swift */ = {isa = PBXFileReference; lastKnownFileType = sourcecode.swift; path = StatisticsViewController.swift; sourceTree = "<group>"; };
		33ABD7F22B9209BE0006DCAF /* TrackerCollectionViewCell.swift */ = {isa = PBXFileReference; lastKnownFileType = sourcecode.swift; path = TrackerCollectionViewCell.swift; sourceTree = "<group>"; };
		33AC2D662B99D60900A7C70B /* ScheduleViewController.swift */ = {isa = PBXFileReference; lastKnownFileType = sourcecode.swift; path = ScheduleViewController.swift; sourceTree = "<group>"; };
		33BCA4112B82091D008E2461 /* Tracker.swift */ = {isa = PBXFileReference; lastKnownFileType = sourcecode.swift; path = Tracker.swift; sourceTree = "<group>"; };
		33BCA4132B820BAF008E2461 /* TrackerCategory.swift */ = {isa = PBXFileReference; lastKnownFileType = sourcecode.swift; path = TrackerCategory.swift; sourceTree = "<group>"; };
		33BCA4152B820C3E008E2461 /* TrackerRecord.swift */ = {isa = PBXFileReference; lastKnownFileType = sourcecode.swift; path = TrackerRecord.swift; sourceTree = "<group>"; };
		33C1B9A72B99F4F400F90BBB /* ScheduleTableCell.swift */ = {isa = PBXFileReference; lastKnownFileType = sourcecode.swift; path = ScheduleTableCell.swift; sourceTree = "<group>"; };
		33C1B9A92B9C8C0400F90BBB /* ScheduleProtocol.swift */ = {isa = PBXFileReference; lastKnownFileType = sourcecode.swift; path = ScheduleProtocol.swift; sourceTree = "<group>"; };
		33C1B9AB2B9D009400F90BBB /* NewEventCreationViewController.swift */ = {isa = PBXFileReference; lastKnownFileType = sourcecode.swift; path = NewEventCreationViewController.swift; sourceTree = "<group>"; };
		33C1B9AD2B9D00EC00F90BBB /* CreationTrackerViewController.swift */ = {isa = PBXFileReference; lastKnownFileType = sourcecode.swift; path = CreationTrackerViewController.swift; sourceTree = "<group>"; };
		33C1B9AF2B9DB7E800F90BBB /* EmojiCell.swift */ = {isa = PBXFileReference; lastKnownFileType = sourcecode.swift; path = EmojiCell.swift; sourceTree = "<group>"; };
		33C1B9B12B9DF51900F90BBB /* ColorCell.swift */ = {isa = PBXFileReference; lastKnownFileType = sourcecode.swift; path = ColorCell.swift; sourceTree = "<group>"; };
		33C1B9B42B9DFC9D00F90BBB /* UIColor+Extensions.swift */ = {isa = PBXFileReference; lastKnownFileType = sourcecode.swift; path = "UIColor+Extensions.swift"; sourceTree = "<group>"; };
		33C1B9B62B9E112F00F90BBB /* WeekDays.swift */ = {isa = PBXFileReference; lastKnownFileType = sourcecode.swift; path = WeekDays.swift; sourceTree = "<group>"; };
		33C1B9B82B9E2E2700F90BBB /* UITextField+Extensions.swift */ = {isa = PBXFileReference; lastKnownFileType = sourcecode.swift; path = "UITextField+Extensions.swift"; sourceTree = "<group>"; };
		33CFC1202B938D230013906C /* HeaderCollectionReusableView.swift */ = {isa = PBXFileReference; lastKnownFileType = sourcecode.swift; path = HeaderCollectionReusableView.swift; sourceTree = "<group>"; };
		33CFC1222B93BEB90013906C /* NewTrackerViewController.swift */ = {isa = PBXFileReference; lastKnownFileType = sourcecode.swift; path = NewTrackerViewController.swift; sourceTree = "<group>"; };
		33CFC1252B93D0CD0013906C /* NewHabitCreationViewController.swift */ = {isa = PBXFileReference; lastKnownFileType = sourcecode.swift; path = NewHabitCreationViewController.swift; sourceTree = "<group>"; };
		33CFC1272B9483EF0013906C /* NameTrackerCell.swift */ = {isa = PBXFileReference; lastKnownFileType = sourcecode.swift; path = NameTrackerCell.swift; sourceTree = "<group>"; };
		33CFC1292B94CC250013906C /* ButtonTableViewCell.swift */ = {isa = PBXFileReference; lastKnownFileType = sourcecode.swift; path = ButtonTableViewCell.swift; sourceTree = "<group>"; };
		33CFC12B2B966BF80013906C /* PlaceHolderView.swift */ = {isa = PBXFileReference; lastKnownFileType = sourcecode.swift; path = PlaceHolderView.swift; sourceTree = "<group>"; };
		33CFC1332B9768430013906C /* ButtonsCell.swift */ = {isa = PBXFileReference; lastKnownFileType = sourcecode.swift; path = ButtonsCell.swift; sourceTree = "<group>"; };
/* End PBXFileReference section */

/* Begin PBXFrameworksBuildPhase section */
		3332BF032B7AB46D003CDF85 /* Frameworks */ = {
			isa = PBXFrameworksBuildPhase;
			buildActionMask = 2147483647;
			files = (
			);
			runOnlyForDeploymentPostprocessing = 0;
		};
/* End PBXFrameworksBuildPhase section */

/* Begin PBXGroup section */
		3332BEFD2B7AB46D003CDF85 = {
			isa = PBXGroup;
			children = (
				3332BF082B7AB46D003CDF85 /* Tracker */,
				3332BF072B7AB46D003CDF85 /* Products */,
			);
			sourceTree = "<group>";
		};
		3332BF072B7AB46D003CDF85 /* Products */ = {
			isa = PBXGroup;
			children = (
				3332BF062B7AB46D003CDF85 /* Tracker.app */,
			);
			name = Products;
			sourceTree = "<group>";
		};
		3332BF082B7AB46D003CDF85 /* Tracker */ = {
			isa = PBXGroup;
			children = (
				33C1B9B32B9DFC8A00F90BBB /* Helpers */,
				33CFC1242B93D06E0013906C /* TrackerViewController */,
				33BCA4102B8208FA008E2461 /* Models */,
				3332BF092B7AB46D003CDF85 /* AppDelegate.swift */,
				3332BF0B2B7AB46D003CDF85 /* SceneDelegate.swift */,
				3332BF122B7AB470003CDF85 /* Assets.xcassets */,
				3332BF142B7AB470003CDF85 /* LaunchScreen.storyboard */,
				3332BF172B7AB470003CDF85 /* Info.plist */,
				3332BF1D2B7B9C55003CDF85 /* TabBarController.swift */,
				3332BF1F2B7B9DDD003CDF85 /* StatisticsViewController.swift */,
				33AC2D652B99D5C600A7C70B /* TrackerCreation */,
				33CFC12B2B966BF80013906C /* PlaceHolderView.swift */,
				33C1B9A62B99F4D800F90BBB /* Schedule */,
			);
			path = Tracker;
			sourceTree = "<group>";
		};
		33AC2D652B99D5C600A7C70B /* TrackerCreation */ = {
			isa = PBXGroup;
			children = (
				33C1B9BA2B9E5B9800F90BBB /* Cells */,
				33CFC1222B93BEB90013906C /* NewTrackerViewController.swift */,
				33C1B9AB2B9D009400F90BBB /* NewEventCreationViewController.swift */,
				33CFC1252B93D0CD0013906C /* NewHabitCreationViewController.swift */,
				33C1B9AD2B9D00EC00F90BBB /* CreationTrackerViewController.swift */,
				3330F90C2B9F9B0400FB5951 /* ConfigureUIForTrackerCreationProtocol.swift */,
				3330F90E2B9F9B2B00FB5951 /* TrackerCreationDelegate.swift */,
			);
			path = TrackerCreation;
			sourceTree = "<group>";
		};
		33BCA4102B8208FA008E2461 /* Models */ = {
			isa = PBXGroup;
			children = (
				33BCA4112B82091D008E2461 /* Tracker.swift */,
				33BCA4132B820BAF008E2461 /* TrackerCategory.swift */,
				33BCA4152B820C3E008E2461 /* TrackerRecord.swift */,
				33C1B9B62B9E112F00F90BBB /* WeekDays.swift */,
				3330F9102B9F9F3A00FB5951 /* TrackerInfoCell.swift */,
			);
			path = Models;
			sourceTree = "<group>";
		};
		33C1B9A62B99F4D800F90BBB /* Schedule */ = {
			isa = PBXGroup;
			children = (
				33AC2D662B99D60900A7C70B /* ScheduleViewController.swift */,
				33C1B9A72B99F4F400F90BBB /* ScheduleTableCell.swift */,
				33C1B9A92B9C8C0400F90BBB /* ScheduleProtocol.swift */,
			);
			path = Schedule;
			sourceTree = "<group>";
		};
		33C1B9B32B9DFC8A00F90BBB /* Helpers */ = {
			isa = PBXGroup;
			children = (
				33C1B9B42B9DFC9D00F90BBB /* UIColor+Extensions.swift */,
				33C1B9B82B9E2E2700F90BBB /* UITextField+Extensions.swift */,
			);
			path = Helpers;
			sourceTree = "<group>";
		};
		33C1B9BA2B9E5B9800F90BBB /* Cells */ = {
			isa = PBXGroup;
			children = (
				33CFC1272B9483EF0013906C /* NameTrackerCell.swift */,
				33CFC1332B9768430013906C /* ButtonsCell.swift */,
				33CFC1292B94CC250013906C /* ButtonTableViewCell.swift */,
				33C1B9AF2B9DB7E800F90BBB /* EmojiCell.swift */,
				33C1B9B12B9DF51900F90BBB /* ColorCell.swift */,
			);
			path = Cells;
			sourceTree = "<group>";
		};
		33CFC1242B93D06E0013906C /* TrackerViewController */ = {
			isa = PBXGroup;
			children = (
				3332BF0D2B7AB46D003CDF85 /* TrackerViewController.swift */,
				33CFC1202B938D230013906C /* HeaderCollectionReusableView.swift */,
				33ABD7F22B9209BE0006DCAF /* TrackerCollectionViewCell.swift */,
				3330F9122B9FA0BB00FB5951 /* TrackerCounterDelegate.swift */,
			);
			path = TrackerViewController;
			sourceTree = "<group>";
		};
/* End PBXGroup section */

/* Begin PBXNativeTarget section */
		3332BF052B7AB46D003CDF85 /* Tracker */ = {
			isa = PBXNativeTarget;
			buildConfigurationList = 3332BF1A2B7AB470003CDF85 /* Build configuration list for PBXNativeTarget "Tracker" */;
			buildPhases = (
				3332BF022B7AB46D003CDF85 /* Sources */,
				3332BF032B7AB46D003CDF85 /* Frameworks */,
				3332BF042B7AB46D003CDF85 /* Resources */,
			);
			buildRules = (
			);
			dependencies = (
			);
			name = Tracker;
			productName = Tracker;
			productReference = 3332BF062B7AB46D003CDF85 /* Tracker.app */;
			productType = "com.apple.product-type.application";
		};
/* End PBXNativeTarget section */

/* Begin PBXProject section */
		3332BEFE2B7AB46D003CDF85 /* Project object */ = {
			isa = PBXProject;
			attributes = {
				BuildIndependentTargetsInParallel = 1;
				LastSwiftUpdateCheck = 1420;
				LastUpgradeCheck = 1420;
				TargetAttributes = {
					3332BF052B7AB46D003CDF85 = {
						CreatedOnToolsVersion = 14.2;
					};
				};
			};
			buildConfigurationList = 3332BF012B7AB46D003CDF85 /* Build configuration list for PBXProject "Tracker" */;
			compatibilityVersion = "Xcode 14.0";
			developmentRegion = en;
			hasScannedForEncodings = 0;
			knownRegions = (
				en,
				Base,
			);
			mainGroup = 3332BEFD2B7AB46D003CDF85;
			productRefGroup = 3332BF072B7AB46D003CDF85 /* Products */;
			projectDirPath = "";
			projectRoot = "";
			targets = (
				3332BF052B7AB46D003CDF85 /* Tracker */,
			);
		};
/* End PBXProject section */

/* Begin PBXResourcesBuildPhase section */
		3332BF042B7AB46D003CDF85 /* Resources */ = {
			isa = PBXResourcesBuildPhase;
			buildActionMask = 2147483647;
			files = (
				3332BF162B7AB470003CDF85 /* LaunchScreen.storyboard in Resources */,
				3332BF132B7AB470003CDF85 /* Assets.xcassets in Resources */,
			);
			runOnlyForDeploymentPostprocessing = 0;
		};
/* End PBXResourcesBuildPhase section */

/* Begin PBXSourcesBuildPhase section */
		3332BF022B7AB46D003CDF85 /* Sources */ = {
			isa = PBXSourcesBuildPhase;
			buildActionMask = 2147483647;
			files = (
				33BCA4122B82091D008E2461 /* Tracker.swift in Sources */,
				33CFC12C2B966BF80013906C /* PlaceHolderView.swift in Sources */,
				33AC2D672B99D60900A7C70B /* ScheduleViewController.swift in Sources */,
				33CFC1282B9483EF0013906C /* NameTrackerCell.swift in Sources */,
				3330F9132B9FA0BB00FB5951 /* TrackerCounterDelegate.swift in Sources */,
				3330F9112B9F9F3A00FB5951 /* TrackerInfoCell.swift in Sources */,
				33BCA4162B820C3E008E2461 /* TrackerRecord.swift in Sources */,
				3332BF0E2B7AB46D003CDF85 /* TrackerViewController.swift in Sources */,
				33C1B9B02B9DB7E800F90BBB /* EmojiCell.swift in Sources */,
				33C1B9AE2B9D00EC00F90BBB /* CreationTrackerViewController.swift in Sources */,
				3332BF202B7B9DDD003CDF85 /* StatisticsViewController.swift in Sources */,
				33C1B9B22B9DF51900F90BBB /* ColorCell.swift in Sources */,
				33CFC1262B93D0CD0013906C /* NewHabitCreationViewController.swift in Sources */,
				33C1B9AA2B9C8C0400F90BBB /* ScheduleProtocol.swift in Sources */,
				33ABD7F32B9209BE0006DCAF /* TrackerCollectionViewCell.swift in Sources */,
				33C1B9B92B9E2E2700F90BBB /* UITextField+Extensions.swift in Sources */,
				33CFC1232B93BEB90013906C /* NewTrackerViewController.swift in Sources */,
				33C1B9AC2B9D009400F90BBB /* NewEventCreationViewController.swift in Sources */,
				3330F90F2B9F9B2B00FB5951 /* TrackerCreationDelegate.swift in Sources */,
				3332BF1E2B7B9C55003CDF85 /* TabBarController.swift in Sources */,
				3332BF0A2B7AB46D003CDF85 /* AppDelegate.swift in Sources */,
				33CFC1342B9768430013906C /* ButtonsCell.swift in Sources */,
				3330F90D2B9F9B0400FB5951 /* ConfigureUIForTrackerCreationProtocol.swift in Sources */,
				3332BF0C2B7AB46D003CDF85 /* SceneDelegate.swift in Sources */,
				33C1B9B52B9DFC9D00F90BBB /* UIColor+Extensions.swift in Sources */,
				33CFC1212B938D230013906C /* HeaderCollectionReusableView.swift in Sources */,
				33BCA4142B820BAF008E2461 /* TrackerCategory.swift in Sources */,
				33C1B9B72B9E112F00F90BBB /* WeekDays.swift in Sources */,
				33CFC12A2B94CC250013906C /* ButtonTableViewCell.swift in Sources */,
				33C1B9A82B99F4F400F90BBB /* ScheduleTableCell.swift in Sources */,
			);
			runOnlyForDeploymentPostprocessing = 0;
		};
/* End PBXSourcesBuildPhase section */

/* Begin PBXVariantGroup section */
		3332BF142B7AB470003CDF85 /* LaunchScreen.storyboard */ = {
			isa = PBXVariantGroup;
			children = (
				3332BF152B7AB470003CDF85 /* Base */,
			);
			name = LaunchScreen.storyboard;
			sourceTree = "<group>";
		};
/* End PBXVariantGroup section */

/* Begin XCBuildConfiguration section */
		3332BF182B7AB470003CDF85 /* Debug */ = {
			isa = XCBuildConfiguration;
			buildSettings = {
				ALWAYS_SEARCH_USER_PATHS = NO;
				CLANG_ANALYZER_NONNULL = YES;
				CLANG_ANALYZER_NUMBER_OBJECT_CONVERSION = YES_AGGRESSIVE;
				CLANG_CXX_LANGUAGE_STANDARD = "gnu++20";
				CLANG_ENABLE_MODULES = YES;
				CLANG_ENABLE_OBJC_ARC = YES;
				CLANG_ENABLE_OBJC_WEAK = YES;
				CLANG_WARN_BLOCK_CAPTURE_AUTORELEASING = YES;
				CLANG_WARN_BOOL_CONVERSION = YES;
				CLANG_WARN_COMMA = YES;
				CLANG_WARN_CONSTANT_CONVERSION = YES;
				CLANG_WARN_DEPRECATED_OBJC_IMPLEMENTATIONS = YES;
				CLANG_WARN_DIRECT_OBJC_ISA_USAGE = YES_ERROR;
				CLANG_WARN_DOCUMENTATION_COMMENTS = YES;
				CLANG_WARN_EMPTY_BODY = YES;
				CLANG_WARN_ENUM_CONVERSION = YES;
				CLANG_WARN_INFINITE_RECURSION = YES;
				CLANG_WARN_INT_CONVERSION = YES;
				CLANG_WARN_NON_LITERAL_NULL_CONVERSION = YES;
				CLANG_WARN_OBJC_IMPLICIT_RETAIN_SELF = YES;
				CLANG_WARN_OBJC_LITERAL_CONVERSION = YES;
				CLANG_WARN_OBJC_ROOT_CLASS = YES_ERROR;
				CLANG_WARN_QUOTED_INCLUDE_IN_FRAMEWORK_HEADER = YES;
				CLANG_WARN_RANGE_LOOP_ANALYSIS = YES;
				CLANG_WARN_STRICT_PROTOTYPES = YES;
				CLANG_WARN_SUSPICIOUS_MOVE = YES;
				CLANG_WARN_UNGUARDED_AVAILABILITY = YES_AGGRESSIVE;
				CLANG_WARN_UNREACHABLE_CODE = YES;
				CLANG_WARN__DUPLICATE_METHOD_MATCH = YES;
				COPY_PHASE_STRIP = NO;
				DEBUG_INFORMATION_FORMAT = dwarf;
				ENABLE_STRICT_OBJC_MSGSEND = YES;
				ENABLE_TESTABILITY = YES;
				GCC_C_LANGUAGE_STANDARD = gnu11;
				GCC_DYNAMIC_NO_PIC = NO;
				GCC_NO_COMMON_BLOCKS = YES;
				GCC_OPTIMIZATION_LEVEL = 0;
				GCC_PREPROCESSOR_DEFINITIONS = (
					"DEBUG=1",
					"$(inherited)",
				);
				GCC_WARN_64_TO_32_BIT_CONVERSION = YES;
				GCC_WARN_ABOUT_RETURN_TYPE = YES_ERROR;
				GCC_WARN_UNDECLARED_SELECTOR = YES;
				GCC_WARN_UNINITIALIZED_AUTOS = YES_AGGRESSIVE;
				GCC_WARN_UNUSED_FUNCTION = YES;
				GCC_WARN_UNUSED_VARIABLE = YES;
				IPHONEOS_DEPLOYMENT_TARGET = 12.4;
				MTL_ENABLE_DEBUG_INFO = INCLUDE_SOURCE;
				MTL_FAST_MATH = YES;
				ONLY_ACTIVE_ARCH = YES;
				SDKROOT = iphoneos;
				SWIFT_ACTIVE_COMPILATION_CONDITIONS = DEBUG;
				SWIFT_OPTIMIZATION_LEVEL = "-Onone";
			};
			name = Debug;
		};
		3332BF192B7AB470003CDF85 /* Release */ = {
			isa = XCBuildConfiguration;
			buildSettings = {
				ALWAYS_SEARCH_USER_PATHS = NO;
				CLANG_ANALYZER_NONNULL = YES;
				CLANG_ANALYZER_NUMBER_OBJECT_CONVERSION = YES_AGGRESSIVE;
				CLANG_CXX_LANGUAGE_STANDARD = "gnu++20";
				CLANG_ENABLE_MODULES = YES;
				CLANG_ENABLE_OBJC_ARC = YES;
				CLANG_ENABLE_OBJC_WEAK = YES;
				CLANG_WARN_BLOCK_CAPTURE_AUTORELEASING = YES;
				CLANG_WARN_BOOL_CONVERSION = YES;
				CLANG_WARN_COMMA = YES;
				CLANG_WARN_CONSTANT_CONVERSION = YES;
				CLANG_WARN_DEPRECATED_OBJC_IMPLEMENTATIONS = YES;
				CLANG_WARN_DIRECT_OBJC_ISA_USAGE = YES_ERROR;
				CLANG_WARN_DOCUMENTATION_COMMENTS = YES;
				CLANG_WARN_EMPTY_BODY = YES;
				CLANG_WARN_ENUM_CONVERSION = YES;
				CLANG_WARN_INFINITE_RECURSION = YES;
				CLANG_WARN_INT_CONVERSION = YES;
				CLANG_WARN_NON_LITERAL_NULL_CONVERSION = YES;
				CLANG_WARN_OBJC_IMPLICIT_RETAIN_SELF = YES;
				CLANG_WARN_OBJC_LITERAL_CONVERSION = YES;
				CLANG_WARN_OBJC_ROOT_CLASS = YES_ERROR;
				CLANG_WARN_QUOTED_INCLUDE_IN_FRAMEWORK_HEADER = YES;
				CLANG_WARN_RANGE_LOOP_ANALYSIS = YES;
				CLANG_WARN_STRICT_PROTOTYPES = YES;
				CLANG_WARN_SUSPICIOUS_MOVE = YES;
				CLANG_WARN_UNGUARDED_AVAILABILITY = YES_AGGRESSIVE;
				CLANG_WARN_UNREACHABLE_CODE = YES;
				CLANG_WARN__DUPLICATE_METHOD_MATCH = YES;
				COPY_PHASE_STRIP = NO;
				DEBUG_INFORMATION_FORMAT = "dwarf-with-dsym";
				ENABLE_NS_ASSERTIONS = NO;
				ENABLE_STRICT_OBJC_MSGSEND = YES;
				GCC_C_LANGUAGE_STANDARD = gnu11;
				GCC_NO_COMMON_BLOCKS = YES;
				GCC_WARN_64_TO_32_BIT_CONVERSION = YES;
				GCC_WARN_ABOUT_RETURN_TYPE = YES_ERROR;
				GCC_WARN_UNDECLARED_SELECTOR = YES;
				GCC_WARN_UNINITIALIZED_AUTOS = YES_AGGRESSIVE;
				GCC_WARN_UNUSED_FUNCTION = YES;
				GCC_WARN_UNUSED_VARIABLE = YES;
				IPHONEOS_DEPLOYMENT_TARGET = 12.4;
				MTL_ENABLE_DEBUG_INFO = NO;
				MTL_FAST_MATH = YES;
				SDKROOT = iphoneos;
				SWIFT_COMPILATION_MODE = wholemodule;
				SWIFT_OPTIMIZATION_LEVEL = "-O";
				VALIDATE_PRODUCT = YES;
			};
			name = Release;
		};
		3332BF1B2B7AB470003CDF85 /* Debug */ = {
			isa = XCBuildConfiguration;
			buildSettings = {
				ASSETCATALOG_COMPILER_APPICON_NAME = AppIcon;
				ASSETCATALOG_COMPILER_GLOBAL_ACCENT_COLOR_NAME = AccentColor;
				CODE_SIGN_STYLE = Automatic;
				CURRENT_PROJECT_VERSION = 1;
				DEVELOPMENT_TEAM = LMPV43WVMH;
				GENERATE_INFOPLIST_FILE = YES;
				INFOPLIST_FILE = Tracker/Info.plist;
				INFOPLIST_KEY_UIApplicationSupportsIndirectInputEvents = YES;
				INFOPLIST_KEY_UILaunchStoryboardName = LaunchScreen;
				INFOPLIST_KEY_UISupportedInterfaceOrientations = "UIInterfaceOrientationLandscapeLeft UIInterfaceOrientationLandscapeRight UIInterfaceOrientationPortrait";
				IPHONEOS_DEPLOYMENT_TARGET = 13.4;
				LD_RUNPATH_SEARCH_PATHS = (
					"$(inherited)",
					"@executable_path/Frameworks",
				);
				MARKETING_VERSION = 1.0;
				PRODUCT_BUNDLE_IDENTIFIER = ru.isanastasia.Tracker;
				PRODUCT_NAME = "$(TARGET_NAME)";
				SUPPORTED_PLATFORMS = "iphoneos iphonesimulator";
				SUPPORTS_MACCATALYST = NO;
				SUPPORTS_MAC_DESIGNED_FOR_IPHONE_IPAD = YES;
				SWIFT_EMIT_LOC_STRINGS = YES;
				SWIFT_VERSION = 5.0;
				TARGETED_DEVICE_FAMILY = 1;
			};
			name = Debug;
		};
		3332BF1C2B7AB470003CDF85 /* Release */ = {
			isa = XCBuildConfiguration;
			buildSettings = {
				ASSETCATALOG_COMPILER_APPICON_NAME = AppIcon;
				ASSETCATALOG_COMPILER_GLOBAL_ACCENT_COLOR_NAME = AccentColor;
				CODE_SIGN_STYLE = Automatic;
				CURRENT_PROJECT_VERSION = 1;
				DEVELOPMENT_TEAM = LMPV43WVMH;
				GENERATE_INFOPLIST_FILE = YES;
				INFOPLIST_FILE = Tracker/Info.plist;
				INFOPLIST_KEY_UIApplicationSupportsIndirectInputEvents = YES;
				INFOPLIST_KEY_UILaunchStoryboardName = LaunchScreen;
				INFOPLIST_KEY_UISupportedInterfaceOrientations = "UIInterfaceOrientationLandscapeLeft UIInterfaceOrientationLandscapeRight UIInterfaceOrientationPortrait";
				IPHONEOS_DEPLOYMENT_TARGET = 13.4;
				LD_RUNPATH_SEARCH_PATHS = (
					"$(inherited)",
					"@executable_path/Frameworks",
				);
				MARKETING_VERSION = 1.0;
				PRODUCT_BUNDLE_IDENTIFIER = ru.isanastasia.Tracker;
				PRODUCT_NAME = "$(TARGET_NAME)";
				SUPPORTED_PLATFORMS = "iphoneos iphonesimulator";
				SUPPORTS_MACCATALYST = NO;
				SUPPORTS_MAC_DESIGNED_FOR_IPHONE_IPAD = YES;
				SWIFT_EMIT_LOC_STRINGS = YES;
				SWIFT_VERSION = 5.0;
				TARGETED_DEVICE_FAMILY = 1;
			};
			name = Release;
		};
/* End XCBuildConfiguration section */

/* Begin XCConfigurationList section */
		3332BF012B7AB46D003CDF85 /* Build configuration list for PBXProject "Tracker" */ = {
			isa = XCConfigurationList;
			buildConfigurations = (
				3332BF182B7AB470003CDF85 /* Debug */,
				3332BF192B7AB470003CDF85 /* Release */,
			);
			defaultConfigurationIsVisible = 0;
			defaultConfigurationName = Release;
		};
		3332BF1A2B7AB470003CDF85 /* Build configuration list for PBXNativeTarget "Tracker" */ = {
			isa = XCConfigurationList;
			buildConfigurations = (
				3332BF1B2B7AB470003CDF85 /* Debug */,
				3332BF1C2B7AB470003CDF85 /* Release */,
			);
			defaultConfigurationIsVisible = 0;
			defaultConfigurationName = Release;
		};
/* End XCConfigurationList section */
	};
	rootObject = 3332BEFE2B7AB46D003CDF85 /* Project object */;
}
